
Microsoft Visual Studio Solution File, Format Version 12.00
# Visual Studio Version 17
VisualStudioVersion = 17.8.34322.80
MinimumVisualStudioVersion = 10.0.40219.1
Project("{2150E333-8FDC-42A3-9474-1A3956D46DE8}") = "Source", "Source", "{7B702943-4526-4B9D-B8DD-F50821850150}"
EndProject
Project("{2150E333-8FDC-42A3-9474-1A3956D46DE8}") = "Build", "Build", "{409BC6DA-7E95-4CE2-899A-2B962EAAE1B8}"
	ProjectSection(SolutionItems) = preProject
		..\.gitignore = ..\.gitignore
		..\appveyor.yml = ..\appveyor.yml
		..\build.cake = ..\build.cake
		..\cake.config = ..\cake.config
	EndProjectSection
EndProject
Project("{2150E333-8FDC-42A3-9474-1A3956D46DE8}") = "Docs", "Docs", "{04DD68ED-2973-4B5E-964B-9FA607BB218D}"
	ProjectSection(SolutionItems) = preProject
		..\LICENSE = ..\LICENSE
		..\README.md = ..\README.md
		..\ReleaseNotes.md = ..\ReleaseNotes.md
	EndProjectSection
EndProject
Project("{9A19103F-16F7-4668-BE54-9A1E7A4F7556}") = "Cake.SqlTools", "Cake.SqlTools\Cake.SqlTools.csproj", "{8FC19DAE-52B1-404B-9439-19C4DDF5E69C}"
EndProject
Global
	GlobalSection(SolutionConfigurationPlatforms) = preSolution
		Debug|Any CPU = Debug|Any CPU
		Release|Any CPU = Release|Any CPU
	EndGlobalSection
	GlobalSection(ProjectConfigurationPlatforms) = postSolution
		{8FC19DAE-52B1-404B-9439-19C4DDF5E69C}.Debug|Any CPU.ActiveCfg = Debug|Any CPU
		{8FC19DAE-52B1-404B-9439-19C4DDF5E69C}.Debug|Any CPU.Build.0 = Debug|Any CPU
		{8FC19DAE-52B1-404B-9439-19C4DDF5E69C}.Release|Any CPU.ActiveCfg = Release|Any CPU
		{8FC19DAE-52B1-404B-9439-19C4DDF5E69C}.Release|Any CPU.Build.0 = Release|Any CPU
	EndGlobalSection
	GlobalSection(SolutionProperties) = preSolution
		HideSolutionNode = FALSE
	EndGlobalSection
	GlobalSection(NestedProjects) = preSolution
		{8FC19DAE-52B1-404B-9439-19C4DDF5E69C} = {7B702943-4526-4B9D-B8DD-F50821850150}
	EndGlobalSection
	GlobalSection(ExtensibilityGlobals) = postSolution
		SolutionGuid = {2B793198-28F4-4360-A5DA-3CE96CBB8EFB}
	EndGlobalSection
EndGlobal
